// !$*UTF8*$!
{
	archiveVersion = 1;
	classes = {
	};
	objectVersion = 46;
	objects = {

/* Begin PBXBuildFile section */
		9AC441461B00E87B008EB9C8 /* main.m in Sources */ = {isa = PBXBuildFile; fileRef = 9AC441451B00E87B008EB9C8 /* main.m */; };
		9AC441491B00E87B008EB9C8 /* AppDelegate.m in Sources */ = {isa = PBXBuildFile; fileRef = 9AC441481B00E87B008EB9C8 /* AppDelegate.m */; };
		9AC4414C1B00E87B008EB9C8 /* GameScene.m in Sources */ = {isa = PBXBuildFile; fileRef = 9AC4414B1B00E87B008EB9C8 /* GameScene.m */; };
		9AC4414E1B00E87B008EB9C8 /* GameScene.sks in Resources */ = {isa = PBXBuildFile; fileRef = 9AC4414D1B00E87B008EB9C8 /* GameScene.sks */; };
		9AC441511B00E87B008EB9C8 /* GameViewController.m in Sources */ = {isa = PBXBuildFile; fileRef = 9AC441501B00E87B008EB9C8 /* GameViewController.m */; };
		9AC441541B00E87B008EB9C8 /* Main.storyboard in Resources */ = {isa = PBXBuildFile; fileRef = 9AC441521B00E87B008EB9C8 /* Main.storyboard */; };
		9AC441561B00E87B008EB9C8 /* Images.xcassets in Resources */ = {isa = PBXBuildFile; fileRef = 9AC441551B00E87B008EB9C8 /* Images.xcassets */; };
		9AC441591B00E87B008EB9C8 /* LaunchScreen.xib in Resources */ = {isa = PBXBuildFile; fileRef = 9AC441571B00E87B008EB9C8 /* LaunchScreen.xib */; };
		9AC441651B00E87B008EB9C8 /* colorballTests.m in Sources */ = {isa = PBXBuildFile; fileRef = 9AC441641B00E87B008EB9C8 /* colorballTests.m */; };
/* End PBXBuildFile section */

/* Begin PBXContainerItemProxy section */
		9AC4415F1B00E87B008EB9C8 /* PBXContainerItemProxy */ = {
			isa = PBXContainerItemProxy;
			containerPortal = 9AC441381B00E87B008EB9C8 /* Project object */;
			proxyType = 1;
			remoteGlobalIDString = 9AC4413F1B00E87B008EB9C8;
			remoteInfo = colorball;
		};
/* End PBXContainerItemProxy section */

/* Begin PBXFileReference section */
		9AC441401B00E87B008EB9C8 /* colorball.app */ = {isa = PBXFileReference; explicitFileType = wrapper.application; includeInIndex = 0; path = colorball.app; sourceTree = BUILT_PRODUCTS_DIR; };
		9AC441441B00E87B008EB9C8 /* Info.plist */ = {isa = PBXFileReference; lastKnownFileType = text.plist.xml; path = Info.plist; sourceTree = "<group>"; };
		9AC441451B00E87B008EB9C8 /* main.m */ = {isa = PBXFileReference; lastKnownFileType = sourcecode.c.objc; path = main.m; sourceTree = "<group>"; };
		9AC441471B00E87B008EB9C8 /* AppDelegate.h */ = {isa = PBXFileReference; lastKnownFileType = sourcecode.c.h; path = AppDelegate.h; sourceTree = "<group>"; };
		9AC441481B00E87B008EB9C8 /* AppDelegate.m */ = {isa = PBXFileReference; lastKnownFileType = sourcecode.c.objc; path = AppDelegate.m; sourceTree = "<group>"; };
		9AC4414A1B00E87B008EB9C8 /* GameScene.h */ = {isa = PBXFileReference; lastKnownFileType = sourcecode.c.h; path = GameScene.h; sourceTree = "<group>"; };
		9AC4414B1B00E87B008EB9C8 /* GameScene.m */ = {isa = PBXFileReference; lastKnownFileType = sourcecode.c.objc; path = GameScene.m; sourceTree = "<group>"; };
		9AC4414D1B00E87B008EB9C8 /* GameScene.sks */ = {isa = PBXFileReference; lastKnownFileType = file.sks; path = GameScene.sks; sourceTree = "<group>"; };
		9AC4414F1B00E87B008EB9C8 /* GameViewController.h */ = {isa = PBXFileReference; lastKnownFileType = sourcecode.c.h; path = GameViewController.h; sourceTree = "<group>"; };
		9AC441501B00E87B008EB9C8 /* GameViewController.m */ = {isa = PBXFileReference; lastKnownFileType = sourcecode.c.objc; path = GameViewController.m; sourceTree = "<group>"; };
		9AC441531B00E87B008EB9C8 /* Base */ = {isa = PBXFileReference; lastKnownFileType = file.storyboard; name = Base; path = Base.lproj/Main.storyboard; sourceTree = "<group>"; };
		9AC441551B00E87B008EB9C8 /* Images.xcassets */ = {isa = PBXFileReference; lastKnownFileType = folder.assetcatalog; path = Images.xcassets; sourceTree = "<group>"; };
		9AC441581B00E87B008EB9C8 /* Base */ = {isa = PBXFileReference; lastKnownFileType = file.xib; name = Base; path = Base.lproj/LaunchScreen.xib; sourceTree = "<group>"; };
		9AC4415E1B00E87B008EB9C8 /* colorballTests.xctest */ = {isa = PBXFileReference; explicitFileType = wrapper.cfbundle; includeInIndex = 0; path = colorballTests.xctest; sourceTree = BUILT_PRODUCTS_DIR; };
		9AC441631B00E87B008EB9C8 /* Info.plist */ = {isa = PBXFileReference; lastKnownFileType = text.plist.xml; path = Info.plist; sourceTree = "<group>"; };
		9AC441641B00E87B008EB9C8 /* colorballTests.m */ = {isa = PBXFileReference; lastKnownFileType = sourcecode.c.objc; path = colorballTests.m; sourceTree = "<group>"; };
/* End PBXFileReference section */

/* Begin PBXFrameworksBuildPhase section */
		9AC4413D1B00E87B008EB9C8 /* Frameworks */ = {
			isa = PBXFrameworksBuildPhase;
			buildActionMask = 2147483647;
			files = (
			);
			runOnlyForDeploymentPostprocessing = 0;
		};
		9AC4415B1B00E87B008EB9C8 /* Frameworks */ = {
			isa = PBXFrameworksBuildPhase;
			buildActionMask = 2147483647;
			files = (
			);
			runOnlyForDeploymentPostprocessing = 0;
		};
/* End PBXFrameworksBuildPhase section */

/* Begin PBXGroup section */
		9AC441371B00E87B008EB9C8 = {
			isa = PBXGroup;
			children = (
				9AC441421B00E87B008EB9C8 /* colorball */,
				9AC441611B00E87B008EB9C8 /* colorballTests */,
				9AC441411B00E87B008EB9C8 /* Products */,
			);
			sourceTree = "<group>";
		};
		9AC441411B00E87B008EB9C8 /* Products */ = {
			isa = PBXGroup;
			children = (
				9AC441401B00E87B008EB9C8 /* colorball.app */,
				9AC4415E1B00E87B008EB9C8 /* colorballTests.xctest */,
			);
			name = Products;
			sourceTree = "<group>";
		};
		9AC441421B00E87B008EB9C8 /* colorball */ = {
			isa = PBXGroup;
			children = (
				9AC441471B00E87B008EB9C8 /* AppDelegate.h */,
				9AC441481B00E87B008EB9C8 /* AppDelegate.m */,
				9AC4414A1B00E87B008EB9C8 /* GameScene.h */,
				9AC4414B1B00E87B008EB9C8 /* GameScene.m */,
				9AC4414D1B00E87B008EB9C8 /* GameScene.sks */,
				9AC4414F1B00E87B008EB9C8 /* GameViewController.h */,
				9AC441501B00E87B008EB9C8 /* GameViewController.m */,
				9AC441521B00E87B008EB9C8 /* Main.storyboard */,
				9AC441551B00E87B008EB9C8 /* Images.xcassets */,
				9AC441571B00E87B008EB9C8 /* LaunchScreen.xib */,
				9AC441431B00E87B008EB9C8 /* Supporting Files */,
			);
			path = colorball;
			sourceTree = "<group>";
		};
		9AC441431B00E87B008EB9C8 /* Supporting Files */ = {
			isa = PBXGroup;
			children = (
				9AC441441B00E87B008EB9C8 /* Info.plist */,
				9AC441451B00E87B008EB9C8 /* main.m */,
			);
			name = "Supporting Files";
			sourceTree = "<group>";
		};
		9AC441611B00E87B008EB9C8 /* colorballTests */ = {
			isa = PBXGroup;
			children = (
				9AC441641B00E87B008EB9C8 /* colorballTests.m */,
				9AC441621B00E87B008EB9C8 /* Supporting Files */,
			);
			path = colorballTests;
			sourceTree = "<group>";
		};
		9AC441621B00E87B008EB9C8 /* Supporting Files */ = {
			isa = PBXGroup;
			children = (
				9AC441631B00E87B008EB9C8 /* Info.plist */,
			);
			name = "Supporting Files";
			sourceTree = "<group>";
		};
/* End PBXGroup section */

/* Begin PBXNativeTarget section */
		9AC4413F1B00E87B008EB9C8 /* colorball */ = {
			isa = PBXNativeTarget;
			buildConfigurationList = 9AC441681B00E87B008EB9C8 /* Build configuration list for PBXNativeTarget "colorball" */;
			buildPhases = (
				9AC4413C1B00E87B008EB9C8 /* Sources */,
				9AC4413D1B00E87B008EB9C8 /* Frameworks */,
				9AC4413E1B00E87B008EB9C8 /* Resources */,
			);
			buildRules = (
			);
			dependencies = (
			);
			name = colorball;
			productName = colorball;
			productReference = 9AC441401B00E87B008EB9C8 /* colorball.app */;
			productType = "com.apple.product-type.application";
		};
		9AC4415D1B00E87B008EB9C8 /* colorballTests */ = {
			isa = PBXNativeTarget;
			buildConfigurationList = 9AC4416B1B00E87B008EB9C8 /* Build configuration list for PBXNativeTarget "colorballTests" */;
			buildPhases = (
				9AC4415A1B00E87B008EB9C8 /* Sources */,
				9AC4415B1B00E87B008EB9C8 /* Frameworks */,
				9AC4415C1B00E87B008EB9C8 /* Resources */,
			);
			buildRules = (
			);
			dependencies = (
				9AC441601B00E87B008EB9C8 /* PBXTargetDependency */,
			);
			name = colorballTests;
			productName = colorballTests;
			productReference = 9AC4415E1B00E87B008EB9C8 /* colorballTests.xctest */;
			productType = "com.apple.product-type.bundle.unit-test";
		};
/* End PBXNativeTarget section */

/* Begin PBXProject section */
		9AC441381B00E87B008EB9C8 /* Project object */ = {
			isa = PBXProject;
			attributes = {
				LastUpgradeCheck = 0630;
				ORGANIZATIONNAME = "Natalia Souza";
				TargetAttributes = {
					9AC4413F1B00E87B008EB9C8 = {
						CreatedOnToolsVersion = 6.3.1;
					};
					9AC4415D1B00E87B008EB9C8 = {
						CreatedOnToolsVersion = 6.3.1;
						TestTargetID = 9AC4413F1B00E87B008EB9C8;
					};
				};
			};
			buildConfigurationList = 9AC4413B1B00E87B008EB9C8 /* Build configuration list for PBXProject "colorball" */;
			compatibilityVersion = "Xcode 3.2";
			developmentRegion = English;
			hasScannedForEncodings = 0;
			knownRegions = (
				en,
				Base,
			);
			mainGroup = 9AC441371B00E87B008EB9C8;
			productRefGroup = 9AC441411B00E87B008EB9C8 /* Products */;
			projectDirPath = "";
			projectRoot = "";
			targets = (
				9AC4413F1B00E87B008EB9C8 /* colorball */,
				9AC4415D1B00E87B008EB9C8 /* colorballTests */,
			);
		};
/* End PBXProject section */

/* Begin PBXResourcesBuildPhase section */
		9AC4413E1B00E87B008EB9C8 /* Resources */ = {
			isa = PBXResourcesBuildPhase;
			buildActionMask = 2147483647;
			files = (
				9AC441591B00E87B008EB9C8 /* LaunchScreen.xib in Resources */,
				9AC441561B00E87B008EB9C8 /* Images.xcassets in Resources */,
				9AC4414E1B00E87B008EB9C8 /* GameScene.sks in Resources */,
				9AC441541B00E87B008EB9C8 /* Main.storyboard in Resources */,
			);
			runOnlyForDeploymentPostprocessing = 0;
		};
		9AC4415C1B00E87B008EB9C8 /* Resources */ = {
			isa = PBXResourcesBuildPhase;
			buildActionMask = 2147483647;
			files = (
			);
			runOnlyForDeploymentPostprocessing = 0;
		};
/* End PBXResourcesBuildPhase section */

/* Begin PBXSourcesBuildPhase section */
		9AC4413C1B00E87B008EB9C8 /* Sources */ = {
			isa = PBXSourcesBuildPhase;
			buildActionMask = 2147483647;
			files = (
				9AC441511B00E87B008EB9C8 /* GameViewController.m in Sources */,
				9AC441491B00E87B008EB9C8 /* AppDelegate.m in Sources */,
				9AC4414C1B00E87B008EB9C8 /* GameScene.m in Sources */,
				9AC441461B00E87B008EB9C8 /* main.m in Sources */,
			);
			runOnlyForDeploymentPostprocessing = 0;
		};
		9AC4415A1B00E87B008EB9C8 /* Sources */ = {
			isa = PBXSourcesBuildPhase;
			buildActionMask = 2147483647;
			files = (
				9AC441651B00E87B008EB9C8 /* colorballTests.m in Sources */,
			);
			runOnlyForDeploymentPostprocessing = 0;
		};
/* End PBXSourcesBuildPhase section */

/* Begin PBXTargetDependency section */
		9AC441601B00E87B008EB9C8 /* PBXTargetDependency */ = {
			isa = PBXTargetDependency;
			target = 9AC4413F1B00E87B008EB9C8 /* colorball */;
			targetProxy = 9AC4415F1B00E87B008EB9C8 /* PBXContainerItemProxy */;
		};
/* End PBXTargetDependency section */

/* Begin PBXVariantGroup section */
		9AC441521B00E87B008EB9C8 /* Main.storyboard */ = {
			isa = PBXVariantGroup;
			children = (
				9AC441531B00E87B008EB9C8 /* Base */,
			);
			name = Main.storyboard;
			sourceTree = "<group>";
		};
		9AC441571B00E87B008EB9C8 /* LaunchScreen.xib */ = {
			isa = PBXVariantGroup;
			children = (
				9AC441581B00E87B008EB9C8 /* Base */,
			);
			name = LaunchScreen.xib;
			sourceTree = "<group>";
		};
/* End PBXVariantGroup section */

/* Begin XCBuildConfiguration section */
		9AC441661B00E87B008EB9C8 /* Debug */ = {
			isa = XCBuildConfiguration;
			buildSettings = {
				ALWAYS_SEARCH_USER_PATHS = NO;
				CLANG_CXX_LANGUAGE_STANDARD = "gnu++0x";
				CLANG_CXX_LIBRARY = "libc++";
				CLANG_ENABLE_MODULES = YES;
				CLANG_ENABLE_OBJC_ARC = YES;
				CLANG_WARN_BOOL_CONVERSION = YES;
				CLANG_WARN_CONSTANT_CONVERSION = YES;
				CLANG_WARN_DIRECT_OBJC_ISA_USAGE = YES_ERROR;
				CLANG_WARN_EMPTY_BODY = YES;
				CLANG_WARN_ENUM_CONVERSION = YES;
				CLANG_WARN_INT_CONVERSION = YES;
				CLANG_WARN_OBJC_ROOT_CLASS = YES_ERROR;
				CLANG_WARN_UNREACHABLE_CODE = YES;
				CLANG_WARN__DUPLICATE_METHOD_MATCH = YES;
				"CODE_SIGN_IDENTITY[sdk=iphoneos*]" = "iPhone Developer";
				COPY_PHASE_STRIP = NO;
				DEBUG_INFORMATION_FORMAT = "dwarf-with-dsym";
				ENABLE_STRICT_OBJC_MSGSEND = YES;
				GCC_C_LANGUAGE_STANDARD = gnu99;
				GCC_DYNAMIC_NO_PIC = NO;
				GCC_NO_COMMON_BLOCKS = YES;
				GCC_OPTIMIZATION_LEVEL = 0;
				GCC_PREPROCESSOR_DEFINITIONS = (
					"DEBUG=1",
					"$(inherited)",
				);
				GCC_SYMBOLS_PRIVATE_EXTERN = NO;
				GCC_WARN_64_TO_32_BIT_CONVERSION = YES;
				GCC_WARN_ABOUT_RETURN_TYPE = YES_ERROR;
				GCC_WARN_UNDECLARED_SELECTOR = YES;
				GCC_WARN_UNINITIALIZED_AUTOS = YES_AGGRESSIVE;
				GCC_WARN_UNUSED_FUNCTION = YES;
				GCC_WARN_UNUSED_VARIABLE = YES;
				IPHONEOS_DEPLOYMENT_TARGET = 8.3;
				MTL_ENABLE_DEBUG_INFO = YES;
				ONLY_ACTIVE_ARCH = YES;
				SDKROOT = iphoneos;
			};
			name = Debug;
		};
		9AC441671B00E87B008EB9C8 /* Release */ = {
			isa = XCBuildConfiguration;
			buildSettings = {
				ALWAYS_SEARCH_USER_PATHS = NO;
				CLANG_CXX_LANGUAGE_STANDARD = "gnu++0x";
				CLANG_CXX_LIBRARY = "libc++";
				CLANG_ENABLE_MODULES = YES;
				CLANG_ENABLE_OBJC_ARC = YES;
				CLANG_WARN_BOOL_CONVERSION = YES;
				CLANG_WARN_CONSTANT_CONVERSION = YES;
				CLANG_WARN_DIRECT_OBJC_ISA_USAGE = YES_ERROR;
				CLANG_WARN_EMPTY_BODY = YES;
				CLANG_WARN_ENUM_CONVERSION = YES;
				CLANG_WARN_INT_CONVERSION = YES;
				CLANG_WARN_OBJC_ROOT_CLASS = YES_ERROR;
				CLANG_WARN_UNREACHABLE_CODE = YES;
				CLANG_WARN__DUPLICATE_METHOD_MATCH = YES;
				"CODE_SIGN_IDENTITY[sdk=iphoneos*]" = "iPhone Developer";
				COPY_PHASE_STRIP = NO;
				DEBUG_INFORMATION_FORMAT = "dwarf-with-dsym";
				ENABLE_NS_ASSERTIONS = NO;
				ENABLE_STRICT_OBJC_MSGSEND = YES;
				GCC_C_LANGUAGE_STANDARD = gnu99;
				GCC_NO_COMMON_BLOCKS = YES;
				GCC_WARN_64_TO_32_BIT_CONVERSION = YES;
				GCC_WARN_ABOUT_RETURN_TYPE = YES_ERROR;
				GCC_WARN_UNDECLARED_SELECTOR = YES;
				GCC_WARN_UNINITIALIZED_AUTOS = YES_AGGRESSIVE;
				GCC_WARN_UNUSED_FUNCTION = YES;
				GCC_WARN_UNUSED_VARIABLE = YES;
				IPHONEOS_DEPLOYMENT_TARGET = 8.3;
				MTL_ENABLE_DEBUG_INFO = NO;
				SDKROOT = iphoneos;
				VALIDATE_PRODUCT = YES;
			};
			name = Release;
		};
		9AC441691B00E87B008EB9C8 /* Debug */ = {
			isa = XCBuildConfiguration;
			buildSettings = {
				ASSETCATALOG_COMPILER_APPICON_NAME = AppIcon;
				INFOPLIST_FILE = colorball/Info.plist;
				LD_RUNPATH_SEARCH_PATHS = "$(inherited) @executable_path/Frameworks";
				PRODUCT_NAME = "$(TARGET_NAME)";
			};
			name = Debug;
		};
		9AC4416A1B00E87B008EB9C8 /* Release */ = {
			isa = XCBuildConfiguration;
			buildSettings = {
				ASSETCATALOG_COMPILER_APPICON_NAME = AppIcon;
				INFOPLIST_FILE = colorball/Info.plist;
				LD_RUNPATH_SEARCH_PATHS = "$(inherited) @executable_path/Frameworks";
				PRODUCT_NAME = "$(TARGET_NAME)";
			};
			name = Release;
		};
		9AC4416C1B00E87B008EB9C8 /* Debug */ = {
			isa = XCBuildConfiguration;
			buildSettings = {
				BUNDLE_LOADER = "$(TEST_HOST)";
				FRAMEWORK_SEARCH_PATHS = (
					"$(SDKROOT)/Developer/Library/Frameworks",
					"$(inherited)",
				);
				GCC_PREPROCESSOR_DEFINITIONS = (
					"DEBUG=1",
					"$(inherited)",
				);
				INFOPLIST_FILE = colorballTests/Info.plist;
				LD_RUNPATH_SEARCH_PATHS = "$(inherited) @executable_path/Frameworks @loader_path/Frameworks";
				PRODUCT_NAME = "$(TARGET_NAME)";
				TEST_HOST = "$(BUILT_PRODUCTS_DIR)/colorball.app/colorball";
			};
			name = Debug;
		};
		9AC4416D1B00E87B008EB9C8 /* Release */ = {
			isa = XCBuildConfiguration;
			buildSettings = {
				BUNDLE_LOADER = "$(TEST_HOST)";
				FRAMEWORK_SEARCH_PATHS = (
					"$(SDKROOT)/Developer/Library/Frameworks",
					"$(inherited)",
				);
				INFOPLIST_FILE = colorballTests/Info.plist;
				LD_RUNPATH_SEARCH_PATHS = "$(inherited) @executable_path/Frameworks @loader_path/Frameworks";
				PRODUCT_NAME = "$(TARGET_NAME)";
				TEST_HOST = "$(BUILT_PRODUCTS_DIR)/colorball.app/colorball";
			};
			name = Release;
		};
/* End XCBuildConfiguration section */

/* Begin XCConfigurationList section */
		9AC4413B1B00E87B008EB9C8 /* Build configuration list for PBXProject "colorball" */ = {
			isa = XCConfigurationList;
			buildConfigurations = (
				9AC441661B00E87B008EB9C8 /* Debug */,
				9AC441671B00E87B008EB9C8 /* Release */,
			);
			defaultConfigurationIsVisible = 0;
			defaultConfigurationName = Release;
		};
		9AC441681B00E87B008EB9C8 /* Build configuration list for PBXNativeTarget "colorball" */ = {
			isa = XCConfigurationList;
			buildConfigurations = (
				9AC441691B00E87B008EB9C8 /* Debug */,
				9AC4416A1B00E87B008EB9C8 /* Release */,
			);
			defaultConfigurationIsVisible = 0;
		};
		9AC4416B1B00E87B008EB9C8 /* Build configuration list for PBXNativeTarget "colorballTests" */ = {
			isa = XCConfigurationList;
			buildConfigurations = (
				9AC4416C1B00E87B008EB9C8 /* Debug */,
				9AC4416D1B00E87B008EB9C8 /* Release */,
			);
			defaultConfigurationIsVisible = 0;
		};
/* End XCConfigurationList section */
	};
	rootObject = 9AC441381B00E87B008EB9C8 /* Project object */;
}
